{
	"name": "type-guardian",
	"version": "0.3.1",
	"lockfileVersion": 2,
	"requires": true,
	"packages": {
		"": {
			"name": "type-guardian",
			"version": "0.3.1",
			"license": "MIT",
			"dependencies": {
				"@types/node": "^20.2.5"
			}
		},
		"node_modules/@types/node": {
			"version": "20.2.5",
			"resolved": "https://registry.npmjs.org/@types/node/-/node-20.2.5.tgz",
			"integrity": "sha512-JJulVEQXmiY9Px5axXHeYGLSjhkZEnD+MDPDGbCbIAbMslkKwmygtZFy1X6s/075Yo94sf8GuSlFfPzysQrWZQ=="
		}
	},
	"dependencies": {
		"@types/node": {
			"version": "20.2.5",
			"resolved": "https://registry.npmjs.org/@types/node/-/node-20.2.5.tgz",
			"integrity": "sha512-JJulVEQXmiY9Px5axXHeYGLSjhkZEnD+MDPDGbCbIAbMslkKwmygtZFy1X6s/075Yo94sf8GuSlFfPzysQrWZQ=="
		}
	}
}
